// !$*UTF8*$!
{
	archiveVersion = 1;
	classes = {
	};
	objectVersion = 56;
	objects = {

/* Begin PBXBuildFile section */
		DC0843832B447F4300A260FE /* MovieCategories.swift in Sources */ = {isa = PBXBuildFile; fileRef = DC0843822B447F4300A260FE /* MovieCategories.swift */; };
		DC0843872B44871200A260FE /* SortOrder.swift in Sources */ = {isa = PBXBuildFile; fileRef = DC0843862B44871200A260FE /* SortOrder.swift */; };
		DC0843892B44872C00A260FE /* FilterOption.swift in Sources */ = {isa = PBXBuildFile; fileRef = DC0843882B44872C00A260FE /* FilterOption.swift */; };
		DC08438B2B44967E00A260FE /* HorizontalMovieList.swift in Sources */ = {isa = PBXBuildFile; fileRef = DC08438A2B44967E00A260FE /* HorizontalMovieList.swift */; };
		DC08438D2B44977600A260FE /* HorizontalMovieRow.swift in Sources */ = {isa = PBXBuildFile; fileRef = DC08438C2B44977600A260FE /* HorizontalMovieRow.swift */; };
		DCB50C582B3977A4007986EE /* Movie_ArchiveApp.swift in Sources */ = {isa = PBXBuildFile; fileRef = DCB50C572B3977A4007986EE /* Movie_ArchiveApp.swift */; };
		DCB50C5A2B3977A4007986EE /* ContentView.swift in Sources */ = {isa = PBXBuildFile; fileRef = DCB50C592B3977A4007986EE /* ContentView.swift */; };
		DCB50C5C2B3977A5007986EE /* Assets.xcassets in Resources */ = {isa = PBXBuildFile; fileRef = DCB50C5B2B3977A5007986EE /* Assets.xcassets */; };
		DCB50C5F2B3977A5007986EE /* Preview Assets.xcassets in Resources */ = {isa = PBXBuildFile; fileRef = DCB50C5E2B3977A5007986EE /* Preview Assets.xcassets */; };
		DCB50C692B3978CA007986EE /* Movie.swift in Sources */ = {isa = PBXBuildFile; fileRef = DCB50C682B3978CA007986EE /* Movie.swift */; };
		DCB50C6B2B397A51007986EE /* PreviewMovies.swift in Sources */ = {isa = PBXBuildFile; fileRef = DCB50C6A2B397A51007986EE /* PreviewMovies.swift */; };
		DCB50C6D2B397B94007986EE /* Date+Extensions.swift in Sources */ = {isa = PBXBuildFile; fileRef = DCB50C6C2B397B94007986EE /* Date+Extensions.swift */; };
		DCB50C6F2B397C32007986EE /* String+Extensions.swift in Sources */ = {isa = PBXBuildFile; fileRef = DCB50C6E2B397C32007986EE /* String+Extensions.swift */; };
		DCB50C812B39C35F007986EE /* AddMovieView.swift in Sources */ = {isa = PBXBuildFile; fileRef = DCB50C802B39C35F007986EE /* AddMovieView.swift */; };
		DCB50C832B39CA4B007986EE /* Language.swift in Sources */ = {isa = PBXBuildFile; fileRef = DCB50C822B39CA4B007986EE /* Language.swift */; };
		DCB50C852B39CACC007986EE /* Genre.swift in Sources */ = {isa = PBXBuildFile; fileRef = DCB50C842B39CACC007986EE /* Genre.swift */; };
		DCB50C872B39DEB2007986EE /* MovieDetails.swift in Sources */ = {isa = PBXBuildFile; fileRef = DCB50C862B39DEB2007986EE /* MovieDetails.swift */; };
		DCB50C8A2B39E105007986EE /* IMDBRatingCircle.swift in Sources */ = {isa = PBXBuildFile; fileRef = DCB50C892B39E105007986EE /* IMDBRatingCircle.swift */; };
		DCB50C8D2B39E865007986EE /* GenreCapsule.swift in Sources */ = {isa = PBXBuildFile; fileRef = DCB50C8C2B39E865007986EE /* GenreCapsule.swift */; };
		DCB50C922B39EB2C007986EE /* MovieOverview.swift in Sources */ = {isa = PBXBuildFile; fileRef = DCB50C912B39EB2C007986EE /* MovieOverview.swift */; };
		DCC9FEE12B45B9870082BDB1 /* MovieListView.swift in Sources */ = {isa = PBXBuildFile; fileRef = DCC9FEE02B45B9870082BDB1 /* MovieListView.swift */; };
		DCC9FEE32B45B99D0082BDB1 /* MovieListRow.swift in Sources */ = {isa = PBXBuildFile; fileRef = DCC9FEE22B45B99D0082BDB1 /* MovieListRow.swift */; };
		DCE8DC392B3B373400588D1E /* EditMovieView.swift in Sources */ = {isa = PBXBuildFile; fileRef = DCE8DC382B3B373400588D1E /* EditMovieView.swift */; };
		DCE8DC3F2B3B446500588D1E /* Color+Extensions.swift in Sources */ = {isa = PBXBuildFile; fileRef = DCE8DC3E2B3B446500588D1E /* Color+Extensions.swift */; };
		DCF628CA2B3C6BFD00F3FDF3 /* RatingSlider.swift in Sources */ = {isa = PBXBuildFile; fileRef = DCF628C92B3C6BFD00F3FDF3 /* RatingSlider.swift */; };
		DCF628CC2B3C7E4800F3FDF3 /* Double+Extensions.swift in Sources */ = {isa = PBXBuildFile; fileRef = DCF628CB2B3C7E4800F3FDF3 /* Double+Extensions.swift */; };
		DCF628CE2B3C9B5C00F3FDF3 /* GenrePicker.swift in Sources */ = {isa = PBXBuildFile; fileRef = DCF628CD2B3C9B5C00F3FDF3 /* GenrePicker.swift */; };
		DCF628D02B3CA97B00F3FDF3 /* GenreView.swift in Sources */ = {isa = PBXBuildFile; fileRef = DCF628CF2B3CA97B00F3FDF3 /* GenreView.swift */; };
		DCF8FCC32B3DE2FC005F0B92 /* PreviewController.swift in Sources */ = {isa = PBXBuildFile; fileRef = DCF8FCC22B3DE2FC005F0B92 /* PreviewController.swift */; };
/* End PBXBuildFile section */

/* Begin PBXFileReference section */
		DC0843822B447F4300A260FE /* MovieCategories.swift */ = {isa = PBXFileReference; lastKnownFileType = sourcecode.swift; path = MovieCategories.swift; sourceTree = "<group>"; };
		DC0843862B44871200A260FE /* SortOrder.swift */ = {isa = PBXFileReference; lastKnownFileType = sourcecode.swift; path = SortOrder.swift; sourceTree = "<group>"; };
		DC0843882B44872C00A260FE /* FilterOption.swift */ = {isa = PBXFileReference; lastKnownFileType = sourcecode.swift; path = FilterOption.swift; sourceTree = "<group>"; };
		DC08438A2B44967E00A260FE /* HorizontalMovieList.swift */ = {isa = PBXFileReference; lastKnownFileType = sourcecode.swift; path = HorizontalMovieList.swift; sourceTree = "<group>"; };
		DC08438C2B44977600A260FE /* HorizontalMovieRow.swift */ = {isa = PBXFileReference; lastKnownFileType = sourcecode.swift; path = HorizontalMovieRow.swift; sourceTree = "<group>"; };
		DCB50C542B3977A4007986EE /* Movie Archive.app */ = {isa = PBXFileReference; explicitFileType = wrapper.application; includeInIndex = 0; path = "Movie Archive.app"; sourceTree = BUILT_PRODUCTS_DIR; };
		DCB50C572B3977A4007986EE /* Movie_ArchiveApp.swift */ = {isa = PBXFileReference; lastKnownFileType = sourcecode.swift; path = Movie_ArchiveApp.swift; sourceTree = "<group>"; };
		DCB50C592B3977A4007986EE /* ContentView.swift */ = {isa = PBXFileReference; lastKnownFileType = sourcecode.swift; path = ContentView.swift; sourceTree = "<group>"; };
		DCB50C5B2B3977A5007986EE /* Assets.xcassets */ = {isa = PBXFileReference; lastKnownFileType = folder.assetcatalog; path = Assets.xcassets; sourceTree = "<group>"; };
		DCB50C5E2B3977A5007986EE /* Preview Assets.xcassets */ = {isa = PBXFileReference; lastKnownFileType = folder.assetcatalog; path = "Preview Assets.xcassets"; sourceTree = "<group>"; };
		DCB50C682B3978CA007986EE /* Movie.swift */ = {isa = PBXFileReference; lastKnownFileType = sourcecode.swift; path = Movie.swift; sourceTree = "<group>"; };
		DCB50C6A2B397A51007986EE /* PreviewMovies.swift */ = {isa = PBXFileReference; lastKnownFileType = sourcecode.swift; path = PreviewMovies.swift; sourceTree = "<group>"; };
		DCB50C6C2B397B94007986EE /* Date+Extensions.swift */ = {isa = PBXFileReference; lastKnownFileType = sourcecode.swift; path = "Date+Extensions.swift"; sourceTree = "<group>"; };
		DCB50C6E2B397C32007986EE /* String+Extensions.swift */ = {isa = PBXFileReference; lastKnownFileType = sourcecode.swift; path = "String+Extensions.swift"; sourceTree = "<group>"; };
		DCB50C802B39C35F007986EE /* AddMovieView.swift */ = {isa = PBXFileReference; lastKnownFileType = sourcecode.swift; path = AddMovieView.swift; sourceTree = "<group>"; };
		DCB50C822B39CA4B007986EE /* Language.swift */ = {isa = PBXFileReference; lastKnownFileType = sourcecode.swift; path = Language.swift; sourceTree = "<group>"; };
		DCB50C842B39CACC007986EE /* Genre.swift */ = {isa = PBXFileReference; lastKnownFileType = sourcecode.swift; path = Genre.swift; sourceTree = "<group>"; };
		DCB50C862B39DEB2007986EE /* MovieDetails.swift */ = {isa = PBXFileReference; lastKnownFileType = sourcecode.swift; path = MovieDetails.swift; sourceTree = "<group>"; };
		DCB50C892B39E105007986EE /* IMDBRatingCircle.swift */ = {isa = PBXFileReference; lastKnownFileType = sourcecode.swift; path = IMDBRatingCircle.swift; sourceTree = "<group>"; };
		DCB50C8C2B39E865007986EE /* GenreCapsule.swift */ = {isa = PBXFileReference; lastKnownFileType = sourcecode.swift; path = GenreCapsule.swift; sourceTree = "<group>"; };
		DCB50C912B39EB2C007986EE /* MovieOverview.swift */ = {isa = PBXFileReference; lastKnownFileType = sourcecode.swift; path = MovieOverview.swift; sourceTree = "<group>"; };
		DCC9FEE02B45B9870082BDB1 /* MovieListView.swift */ = {isa = PBXFileReference; lastKnownFileType = sourcecode.swift; path = MovieListView.swift; sourceTree = "<group>"; };
		DCC9FEE22B45B99D0082BDB1 /* MovieListRow.swift */ = {isa = PBXFileReference; lastKnownFileType = sourcecode.swift; path = MovieListRow.swift; sourceTree = "<group>"; };
		DCE8DC382B3B373400588D1E /* EditMovieView.swift */ = {isa = PBXFileReference; lastKnownFileType = sourcecode.swift; path = EditMovieView.swift; sourceTree = "<group>"; };
		DCE8DC3E2B3B446500588D1E /* Color+Extensions.swift */ = {isa = PBXFileReference; lastKnownFileType = sourcecode.swift; path = "Color+Extensions.swift"; sourceTree = "<group>"; };
		DCF628C92B3C6BFD00F3FDF3 /* RatingSlider.swift */ = {isa = PBXFileReference; lastKnownFileType = sourcecode.swift; path = RatingSlider.swift; sourceTree = "<group>"; };
		DCF628CB2B3C7E4800F3FDF3 /* Double+Extensions.swift */ = {isa = PBXFileReference; lastKnownFileType = sourcecode.swift; path = "Double+Extensions.swift"; sourceTree = "<group>"; };
		DCF628CD2B3C9B5C00F3FDF3 /* GenrePicker.swift */ = {isa = PBXFileReference; lastKnownFileType = sourcecode.swift; path = GenrePicker.swift; sourceTree = "<group>"; };
		DCF628CF2B3CA97B00F3FDF3 /* GenreView.swift */ = {isa = PBXFileReference; lastKnownFileType = sourcecode.swift; path = GenreView.swift; sourceTree = "<group>"; };
		DCF8FCC22B3DE2FC005F0B92 /* PreviewController.swift */ = {isa = PBXFileReference; lastKnownFileType = sourcecode.swift; path = PreviewController.swift; sourceTree = "<group>"; };
/* End PBXFileReference section */

/* Begin PBXFrameworksBuildPhase section */
		DCB50C512B3977A4007986EE /* Frameworks */ = {
			isa = PBXFrameworksBuildPhase;
			buildActionMask = 2147483647;
			files = (
			);
			runOnlyForDeploymentPostprocessing = 0;
		};
/* End PBXFrameworksBuildPhase section */

/* Begin PBXGroup section */
		DCB50C4B2B3977A4007986EE = {
			isa = PBXGroup;
			children = (
				DCB50C562B3977A4007986EE /* Movie Archive */,
				DCB50C552B3977A4007986EE /* Products */,
			);
			sourceTree = "<group>";
		};
		DCB50C552B3977A4007986EE /* Products */ = {
			isa = PBXGroup;
			children = (
				DCB50C542B3977A4007986EE /* Movie Archive.app */,
			);
			name = Products;
			sourceTree = "<group>";
		};
		DCB50C562B3977A4007986EE /* Movie Archive */ = {
			isa = PBXGroup;
			children = (
				DCB50C572B3977A4007986EE /* Movie_ArchiveApp.swift */,
				DCB50C652B397875007986EE /* Views */,
				DCB50C662B397880007986EE /* Models */,
				DCB50C672B39788D007986EE /* Extensions */,
				DCB50C5B2B3977A5007986EE /* Assets.xcassets */,
				DCB50C5D2B3977A5007986EE /* Preview Content */,
			);
			path = "Movie Archive";
			sourceTree = "<group>";
		};
		DCB50C5D2B3977A5007986EE /* Preview Content */ = {
			isa = PBXGroup;
			children = (
				DCF8FCC22B3DE2FC005F0B92 /* PreviewController.swift */,
				DCB50C6A2B397A51007986EE /* PreviewMovies.swift */,
				DCB50C5E2B3977A5007986EE /* Preview Assets.xcassets */,
			);
			path = "Preview Content";
			sourceTree = "<group>";
		};
		DCB50C652B397875007986EE /* Views */ = {
			isa = PBXGroup;
			children = (
				DCB50C592B3977A4007986EE /* ContentView.swift */,
				DCB50C742B398121007986EE /* MovieList */,
			);
			path = Views;
			sourceTree = "<group>";
		};
		DCB50C662B397880007986EE /* Models */ = {
			isa = PBXGroup;
			children = (
				DCB50C682B3978CA007986EE /* Movie.swift */,
				DCB50C822B39CA4B007986EE /* Language.swift */,
				DCB50C842B39CACC007986EE /* Genre.swift */,
				DC0843862B44871200A260FE /* SortOrder.swift */,
				DC0843882B44872C00A260FE /* FilterOption.swift */,
			);
			path = Models;
			sourceTree = "<group>";
		};
		DCB50C672B39788D007986EE /* Extensions */ = {
			isa = PBXGroup;
			children = (
				DCB50C6C2B397B94007986EE /* Date+Extensions.swift */,
				DCB50C6E2B397C32007986EE /* String+Extensions.swift */,
				DCE8DC3E2B3B446500588D1E /* Color+Extensions.swift */,
				DCF628CB2B3C7E4800F3FDF3 /* Double+Extensions.swift */,
			);
			path = Extensions;
			sourceTree = "<group>";
		};
		DCB50C742B398121007986EE /* MovieList */ = {
			isa = PBXGroup;
			children = (
				DCC9FEE02B45B9870082BDB1 /* MovieListView.swift */,
				DCC9FEE22B45B99D0082BDB1 /* MovieListRow.swift */,
				DCC9FEE42B45B9A10082BDB1 /* HorizontalList */,
				DCB50C8E2B39EAAD007986EE /* Movie */,
				DCB50C8B2B39E846007986EE /* Genre */,
				DCB50C882B39E0E7007986EE /* Rating */,
			);
			path = MovieList;
			sourceTree = "<group>";
		};
		DCB50C882B39E0E7007986EE /* Rating */ = {
			isa = PBXGroup;
			children = (
				DCB50C892B39E105007986EE /* IMDBRatingCircle.swift */,
				DCF628C92B3C6BFD00F3FDF3 /* RatingSlider.swift */,
			);
			path = Rating;
			sourceTree = "<group>";
		};
		DCB50C8B2B39E846007986EE /* Genre */ = {
			isa = PBXGroup;
			children = (
				DCF628CF2B3CA97B00F3FDF3 /* GenreView.swift */,
				DCB50C8C2B39E865007986EE /* GenreCapsule.swift */,
				DCF628CD2B3C9B5C00F3FDF3 /* GenrePicker.swift */,
			);
			path = Genre;
			sourceTree = "<group>";
		};
		DCB50C8E2B39EAAD007986EE /* Movie */ = {
			isa = PBXGroup;
			children = (
				DCB50C802B39C35F007986EE /* AddMovieView.swift */,
				DCE8DC382B3B373400588D1E /* EditMovieView.swift */,
				DCB50C862B39DEB2007986EE /* MovieDetails.swift */,
				DCB50C912B39EB2C007986EE /* MovieOverview.swift */,
			);
			path = Movie;
			sourceTree = "<group>";
		};
		DCC9FEE42B45B9A10082BDB1 /* HorizontalList */ = {
			isa = PBXGroup;
			children = (
				DC0843822B447F4300A260FE /* MovieCategories.swift */,
				DC08438A2B44967E00A260FE /* HorizontalMovieList.swift */,
				DC08438C2B44977600A260FE /* HorizontalMovieRow.swift */,
			);
			path = HorizontalList;
			sourceTree = "<group>";
		};
/* End PBXGroup section */

/* Begin PBXNativeTarget section */
		DCB50C532B3977A4007986EE /* Movie Archive */ = {
			isa = PBXNativeTarget;
			buildConfigurationList = DCB50C622B3977A5007986EE /* Build configuration list for PBXNativeTarget "Movie Archive" */;
			buildPhases = (
				DCB50C502B3977A4007986EE /* Sources */,
				DCB50C512B3977A4007986EE /* Frameworks */,
				DCB50C522B3977A4007986EE /* Resources */,
			);
			buildRules = (
			);
			dependencies = (
			);
			name = "Movie Archive";
			productName = "Movie Archive";
			productReference = DCB50C542B3977A4007986EE /* Movie Archive.app */;
			productType = "com.apple.product-type.application";
		};
/* End PBXNativeTarget section */

/* Begin PBXProject section */
		DCB50C4C2B3977A4007986EE /* Project object */ = {
			isa = PBXProject;
			attributes = {
				BuildIndependentTargetsInParallel = 1;
				LastSwiftUpdateCheck = 1510;
				LastUpgradeCheck = 1510;
				TargetAttributes = {
					DCB50C532B3977A4007986EE = {
						CreatedOnToolsVersion = 15.1;
					};
				};
			};
			buildConfigurationList = DCB50C4F2B3977A4007986EE /* Build configuration list for PBXProject "Movie Archive" */;
			compatibilityVersion = "Xcode 14.0";
			developmentRegion = en;
			hasScannedForEncodings = 0;
			knownRegions = (
				en,
				Base,
			);
			mainGroup = DCB50C4B2B3977A4007986EE;
			productRefGroup = DCB50C552B3977A4007986EE /* Products */;
			projectDirPath = "";
			projectRoot = "";
			targets = (
				DCB50C532B3977A4007986EE /* Movie Archive */,
			);
		};
/* End PBXProject section */

/* Begin PBXResourcesBuildPhase section */
		DCB50C522B3977A4007986EE /* Resources */ = {
			isa = PBXResourcesBuildPhase;
			buildActionMask = 2147483647;
			files = (
				DCB50C5F2B3977A5007986EE /* Preview Assets.xcassets in Resources */,
				DCB50C5C2B3977A5007986EE /* Assets.xcassets in Resources */,
			);
			runOnlyForDeploymentPostprocessing = 0;
		};
/* End PBXResourcesBuildPhase section */

/* Begin PBXSourcesBuildPhase section */
		DCB50C502B3977A4007986EE /* Sources */ = {
			isa = PBXSourcesBuildPhase;
			buildActionMask = 2147483647;
			files = (
				DCB50C8D2B39E865007986EE /* GenreCapsule.swift in Sources */,
				DC0843832B447F4300A260FE /* MovieCategories.swift in Sources */,
				DCF628CA2B3C6BFD00F3FDF3 /* RatingSlider.swift in Sources */,
				DCB50C8A2B39E105007986EE /* IMDBRatingCircle.swift in Sources */,
				DCF628CC2B3C7E4800F3FDF3 /* Double+Extensions.swift in Sources */,
				DCB50C5A2B3977A4007986EE /* ContentView.swift in Sources */,
				DCB50C582B3977A4007986EE /* Movie_ArchiveApp.swift in Sources */,
				DCB50C922B39EB2C007986EE /* MovieOverview.swift in Sources */,
				DCF8FCC32B3DE2FC005F0B92 /* PreviewController.swift in Sources */,
				DC08438D2B44977600A260FE /* HorizontalMovieRow.swift in Sources */,
				DCB50C852B39CACC007986EE /* Genre.swift in Sources */,
				DC0843872B44871200A260FE /* SortOrder.swift in Sources */,
				DCB50C872B39DEB2007986EE /* MovieDetails.swift in Sources */,
				DCF628D02B3CA97B00F3FDF3 /* GenreView.swift in Sources */,
				DCF628CE2B3C9B5C00F3FDF3 /* GenrePicker.swift in Sources */,
				DCB50C692B3978CA007986EE /* Movie.swift in Sources */,
				DCB50C6D2B397B94007986EE /* Date+Extensions.swift in Sources */,
				DC08438B2B44967E00A260FE /* HorizontalMovieList.swift in Sources */,
				DCE8DC392B3B373400588D1E /* EditMovieView.swift in Sources */,
				DCC9FEE32B45B99D0082BDB1 /* MovieListRow.swift in Sources */,
				DCB50C6F2B397C32007986EE /* String+Extensions.swift in Sources */,
				DCB50C6B2B397A51007986EE /* PreviewMovies.swift in Sources */,
				DC0843892B44872C00A260FE /* FilterOption.swift in Sources */,
				DCE8DC3F2B3B446500588D1E /* Color+Extensions.swift in Sources */,
				DCC9FEE12B45B9870082BDB1 /* MovieListView.swift in Sources */,
				DCB50C812B39C35F007986EE /* AddMovieView.swift in Sources */,
				DCB50C832B39CA4B007986EE /* Language.swift in Sources */,
			);
			runOnlyForDeploymentPostprocessing = 0;
		};
/* End PBXSourcesBuildPhase section */

/* Begin XCBuildConfiguration section */
		DCB50C602B3977A5007986EE /* Debug */ = {
			isa = XCBuildConfiguration;
			buildSettings = {
				ALWAYS_SEARCH_USER_PATHS = NO;
				ASSETCATALOG_COMPILER_GENERATE_SWIFT_ASSET_SYMBOL_EXTENSIONS = YES;
				CLANG_ANALYZER_NONNULL = YES;
				CLANG_ANALYZER_NUMBER_OBJECT_CONVERSION = YES_AGGRESSIVE;
				CLANG_CXX_LANGUAGE_STANDARD = "gnu++20";
				CLANG_ENABLE_MODULES = YES;
				CLANG_ENABLE_OBJC_ARC = YES;
				CLANG_ENABLE_OBJC_WEAK = YES;
				CLANG_WARN_BLOCK_CAPTURE_AUTORELEASING = YES;
				CLANG_WARN_BOOL_CONVERSION = YES;
				CLANG_WARN_COMMA = YES;
				CLANG_WARN_CONSTANT_CONVERSION = YES;
				CLANG_WARN_DEPRECATED_OBJC_IMPLEMENTATIONS = YES;
				CLANG_WARN_DIRECT_OBJC_ISA_USAGE = YES_ERROR;
				CLANG_WARN_DOCUMENTATION_COMMENTS = YES;
				CLANG_WARN_EMPTY_BODY = YES;
				CLANG_WARN_ENUM_CONVERSION = YES;
				CLANG_WARN_INFINITE_RECURSION = YES;
				CLANG_WARN_INT_CONVERSION = YES;
				CLANG_WARN_NON_LITERAL_NULL_CONVERSION = YES;
				CLANG_WARN_OBJC_IMPLICIT_RETAIN_SELF = YES;
				CLANG_WARN_OBJC_LITERAL_CONVERSION = YES;
				CLANG_WARN_OBJC_ROOT_CLASS = YES_ERROR;
				CLANG_WARN_QUOTED_INCLUDE_IN_FRAMEWORK_HEADER = YES;
				CLANG_WARN_RANGE_LOOP_ANALYSIS = YES;
				CLANG_WARN_STRICT_PROTOTYPES = YES;
				CLANG_WARN_SUSPICIOUS_MOVE = YES;
				CLANG_WARN_UNGUARDED_AVAILABILITY = YES_AGGRESSIVE;
				CLANG_WARN_UNREACHABLE_CODE = YES;
				CLANG_WARN__DUPLICATE_METHOD_MATCH = YES;
				COPY_PHASE_STRIP = NO;
				DEBUG_INFORMATION_FORMAT = dwarf;
				ENABLE_STRICT_OBJC_MSGSEND = YES;
				ENABLE_TESTABILITY = YES;
				ENABLE_USER_SCRIPT_SANDBOXING = YES;
				GCC_C_LANGUAGE_STANDARD = gnu17;
				GCC_DYNAMIC_NO_PIC = NO;
				GCC_NO_COMMON_BLOCKS = YES;
				GCC_OPTIMIZATION_LEVEL = 0;
				GCC_PREPROCESSOR_DEFINITIONS = (
					"DEBUG=1",
					"$(inherited)",
				);
				GCC_WARN_64_TO_32_BIT_CONVERSION = YES;
				GCC_WARN_ABOUT_RETURN_TYPE = YES_ERROR;
				GCC_WARN_UNDECLARED_SELECTOR = YES;
				GCC_WARN_UNINITIALIZED_AUTOS = YES_AGGRESSIVE;
				GCC_WARN_UNUSED_FUNCTION = YES;
				GCC_WARN_UNUSED_VARIABLE = YES;
				IPHONEOS_DEPLOYMENT_TARGET = 17.2;
				LOCALIZATION_PREFERS_STRING_CATALOGS = YES;
				MTL_ENABLE_DEBUG_INFO = INCLUDE_SOURCE;
				MTL_FAST_MATH = YES;
				ONLY_ACTIVE_ARCH = YES;
				SDKROOT = iphoneos;
				SWIFT_ACTIVE_COMPILATION_CONDITIONS = "DEBUG $(inherited)";
				SWIFT_OPTIMIZATION_LEVEL = "-Onone";
			};
			name = Debug;
		};
		DCB50C612B3977A5007986EE /* Release */ = {
			isa = XCBuildConfiguration;
			buildSettings = {
				ALWAYS_SEARCH_USER_PATHS = NO;
				ASSETCATALOG_COMPILER_GENERATE_SWIFT_ASSET_SYMBOL_EXTENSIONS = YES;
				CLANG_ANALYZER_NONNULL = YES;
				CLANG_ANALYZER_NUMBER_OBJECT_CONVERSION = YES_AGGRESSIVE;
				CLANG_CXX_LANGUAGE_STANDARD = "gnu++20";
				CLANG_ENABLE_MODULES = YES;
				CLANG_ENABLE_OBJC_ARC = YES;
				CLANG_ENABLE_OBJC_WEAK = YES;
				CLANG_WARN_BLOCK_CAPTURE_AUTORELEASING = YES;
				CLANG_WARN_BOOL_CONVERSION = YES;
				CLANG_WARN_COMMA = YES;
				CLANG_WARN_CONSTANT_CONVERSION = YES;
				CLANG_WARN_DEPRECATED_OBJC_IMPLEMENTATIONS = YES;
				CLANG_WARN_DIRECT_OBJC_ISA_USAGE = YES_ERROR;
				CLANG_WARN_DOCUMENTATION_COMMENTS = YES;
				CLANG_WARN_EMPTY_BODY = YES;
				CLANG_WARN_ENUM_CONVERSION = YES;
				CLANG_WARN_INFINITE_RECURSION = YES;
				CLANG_WARN_INT_CONVERSION = YES;
				CLANG_WARN_NON_LITERAL_NULL_CONVERSION = YES;
				CLANG_WARN_OBJC_IMPLICIT_RETAIN_SELF = YES;
				CLANG_WARN_OBJC_LITERAL_CONVERSION = YES;
				CLANG_WARN_OBJC_ROOT_CLASS = YES_ERROR;
				CLANG_WARN_QUOTED_INCLUDE_IN_FRAMEWORK_HEADER = YES;
				CLANG_WARN_RANGE_LOOP_ANALYSIS = YES;
				CLANG_WARN_STRICT_PROTOTYPES = YES;
				CLANG_WARN_SUSPICIOUS_MOVE = YES;
				CLANG_WARN_UNGUARDED_AVAILABILITY = YES_AGGRESSIVE;
				CLANG_WARN_UNREACHABLE_CODE = YES;
				CLANG_WARN__DUPLICATE_METHOD_MATCH = YES;
				COPY_PHASE_STRIP = NO;
				DEBUG_INFORMATION_FORMAT = "dwarf-with-dsym";
				ENABLE_NS_ASSERTIONS = NO;
				ENABLE_STRICT_OBJC_MSGSEND = YES;
				ENABLE_USER_SCRIPT_SANDBOXING = YES;
				GCC_C_LANGUAGE_STANDARD = gnu17;
				GCC_NO_COMMON_BLOCKS = YES;
				GCC_WARN_64_TO_32_BIT_CONVERSION = YES;
				GCC_WARN_ABOUT_RETURN_TYPE = YES_ERROR;
				GCC_WARN_UNDECLARED_SELECTOR = YES;
				GCC_WARN_UNINITIALIZED_AUTOS = YES_AGGRESSIVE;
				GCC_WARN_UNUSED_FUNCTION = YES;
				GCC_WARN_UNUSED_VARIABLE = YES;
				IPHONEOS_DEPLOYMENT_TARGET = 17.2;
				LOCALIZATION_PREFERS_STRING_CATALOGS = YES;
				MTL_ENABLE_DEBUG_INFO = NO;
				MTL_FAST_MATH = YES;
				SDKROOT = iphoneos;
				SWIFT_COMPILATION_MODE = wholemodule;
				VALIDATE_PRODUCT = YES;
			};
			name = Release;
		};
		DCB50C632B3977A5007986EE /* Debug */ = {
			isa = XCBuildConfiguration;
			buildSettings = {
				ASSETCATALOG_COMPILER_APPICON_NAME = AppIcon;
				ASSETCATALOG_COMPILER_GLOBAL_ACCENT_COLOR_NAME = AccentColor;
				CODE_SIGN_STYLE = Automatic;
				CURRENT_PROJECT_VERSION = 1;
				DEVELOPMENT_ASSET_PATHS = "\"Movie Archive/Preview Content\"";
				DEVELOPMENT_TEAM = 3Y9S8RQJ87;
				ENABLE_PREVIEWS = YES;
				GENERATE_INFOPLIST_FILE = YES;
				INFOPLIST_KEY_UIApplicationSceneManifest_Generation = YES;
				INFOPLIST_KEY_UIApplicationSupportsIndirectInputEvents = YES;
				INFOPLIST_KEY_UILaunchScreen_Generation = YES;
				INFOPLIST_KEY_UISupportedInterfaceOrientations_iPad = "UIInterfaceOrientationPortrait UIInterfaceOrientationPortraitUpsideDown UIInterfaceOrientationLandscapeLeft UIInterfaceOrientationLandscapeRight";
				INFOPLIST_KEY_UISupportedInterfaceOrientations_iPhone = "UIInterfaceOrientationPortrait UIInterfaceOrientationLandscapeLeft UIInterfaceOrientationLandscapeRight";
				LD_RUNPATH_SEARCH_PATHS = (
					"$(inherited)",
					"@executable_path/Frameworks",
				);
				MARKETING_VERSION = 1.0;
				PRODUCT_BUNDLE_IDENTIFIER = "com.github.asad51.Movie-Archive";
				PRODUCT_NAME = "$(TARGET_NAME)";
				SWIFT_EMIT_LOC_STRINGS = YES;
				SWIFT_VERSION = 5.0;
				TARGETED_DEVICE_FAMILY = "1,2";
			};
			name = Debug;
		};
		DCB50C642B3977A5007986EE /* Release */ = {
			isa = XCBuildConfiguration;
			buildSettings = {
				ASSETCATALOG_COMPILER_APPICON_NAME = AppIcon;
				ASSETCATALOG_COMPILER_GLOBAL_ACCENT_COLOR_NAME = AccentColor;
				CODE_SIGN_STYLE = Automatic;
				CURRENT_PROJECT_VERSION = 1;
				DEVELOPMENT_ASSET_PATHS = "\"Movie Archive/Preview Content\"";
				DEVELOPMENT_TEAM = 3Y9S8RQJ87;
				ENABLE_PREVIEWS = YES;
				GENERATE_INFOPLIST_FILE = YES;
				INFOPLIST_KEY_UIApplicationSceneManifest_Generation = YES;
				INFOPLIST_KEY_UIApplicationSupportsIndirectInputEvents = YES;
				INFOPLIST_KEY_UILaunchScreen_Generation = YES;
				INFOPLIST_KEY_UISupportedInterfaceOrientations_iPad = "UIInterfaceOrientationPortrait UIInterfaceOrientationPortraitUpsideDown UIInterfaceOrientationLandscapeLeft UIInterfaceOrientationLandscapeRight";
				INFOPLIST_KEY_UISupportedInterfaceOrientations_iPhone = "UIInterfaceOrientationPortrait UIInterfaceOrientationLandscapeLeft UIInterfaceOrientationLandscapeRight";
				LD_RUNPATH_SEARCH_PATHS = (
					"$(inherited)",
					"@executable_path/Frameworks",
				);
				MARKETING_VERSION = 1.0;
				PRODUCT_BUNDLE_IDENTIFIER = "com.github.asad51.Movie-Archive";
				PRODUCT_NAME = "$(TARGET_NAME)";
				SWIFT_EMIT_LOC_STRINGS = YES;
				SWIFT_VERSION = 5.0;
				TARGETED_DEVICE_FAMILY = "1,2";
			};
			name = Release;
		};
/* End XCBuildConfiguration section */

/* Begin XCConfigurationList section */
		DCB50C4F2B3977A4007986EE /* Build configuration list for PBXProject "Movie Archive" */ = {
			isa = XCConfigurationList;
			buildConfigurations = (
				DCB50C602B3977A5007986EE /* Debug */,
				DCB50C612B3977A5007986EE /* Release */,
			);
			defaultConfigurationIsVisible = 0;
			defaultConfigurationName = Release;
		};
		DCB50C622B3977A5007986EE /* Build configuration list for PBXNativeTarget "Movie Archive" */ = {
			isa = XCConfigurationList;
			buildConfigurations = (
				DCB50C632B3977A5007986EE /* Debug */,
				DCB50C642B3977A5007986EE /* Release */,
			);
			defaultConfigurationIsVisible = 0;
			defaultConfigurationName = Release;
		};
/* End XCConfigurationList section */
	};
	rootObject = DCB50C4C2B3977A4007986EE /* Project object */;
}
